schema: '2.0'
stages:
  data_ingestion:
    cmd: python src/data/data_ingestion.py
    deps:
    - path: src/data/data_ingestion.py
      hash: md5
      md5: ee08a4c31ae467cebbcce70b5cc5491a
      size: 3545
    params:
      params.yaml:
        data_ingestion.test_size: 0.25
    outs:
    - path: data/raw
      hash: md5
      md5: 3a301dd6a0b3caa261222635788eb1a5.dir
      size: 827973
      nfiles: 2
  data_preprocessing:
    cmd: python src/data/data_preprocessing.py
    deps:
    - path: data/raw
      hash: md5
      md5: 3a301dd6a0b3caa261222635788eb1a5.dir
      size: 827973
      nfiles: 2
    - path: src/data/data_preprocessing.py
      hash: md5
      md5: c1e18bf95fcc1e3d80cae9ee7c4a6383
      size: 4014
    outs:
    - path: data/interim
      hash: md5
      md5: 4616fdeb50815ff81106f3ec9d0fa432.dir
      size: 572633
      nfiles: 2
  feature_engineering:
    cmd: python src/features/feature_engineering.py
    deps:
    - path: data/interim
      hash: md5
      md5: 4616fdeb50815ff81106f3ec9d0fa432.dir
      size: 572633
      nfiles: 2
    - path: src/features/feature_engineering.py
      hash: md5
      md5: 2c8f96558b3e66b1835ca0aee3c7db0d
      size: 3882
    params:
      params.yaml:
        feature_engineering.max_features: 200
    outs:
    - path: data/processed
      hash: md5
      md5: 2dcdf1cdb25ea6b33e8eb37fe9177833.dir
      size: 4182116
      nfiles: 2
    - path: model/vectorizer.pkl
      hash: md5
      md5: 0f0d7753a3c1f72ca05c5ac2bbcf69ef
      size: 5819
  model_building:
    cmd: python src/models/model_building.py
    deps:
    - path: data/processed
      hash: md5
      md5: 2dcdf1cdb25ea6b33e8eb37fe9177833.dir
      size: 4182116
      nfiles: 2
    - path: src/models/model_building.py
      hash: md5
      md5: 1d93e87d4605a8e70858112834036bc7
      size: 2444
    outs:
    - path: model/model.pkl
      hash: md5
      md5: 7c63471790f6406463d8fe16509e09c1
      size: 2315
  model_evaluation:
    cmd: python src/models/model_evaluation.py
    deps:
    - path: model/model.pkl
      hash: md5
      md5: 7c63471790f6406463d8fe16509e09c1
      size: 2315
    - path: src/models/model_evaluation.py
      hash: md5
      md5: 8335818c124b2e472fa53f6bd83e8a02
      size: 5868
    outs:
    - path: reports/experiment_info.json
      hash: md5
      md5: 5c6b08f850f6ffcc91a2d20e21621fe7
      size: 82
    - path: reports/metrics.json
      hash: md5
      md5: 9873f1f4e50c09b422e5e353bf20bf42
      size: 142
